{
  "requires": true,
  "lockfileVersion": 1,
  "dependencies": {
    "wasm-feature-detect": {
      "version": "1.2.1",
      "resolved": "https://registry.npmjs.org/wasm-feature-detect/-/wasm-feature-detect-1.2.1.tgz",
      "integrity": "sha512-X0xSeJ6VVlx81YhC1EFGh2AxYLG2jUWoHghSBRx0Gt+KJcRzkuFXd7pAn0QsF/c4lIi2D7hTABaRAvLQLbJ+8Q=="
    }
  }
}
